// !$*UTF8*$!
{
	archiveVersion = 1;
	classes = {
	};
	objectVersion = 51;
	objects = {

/* Begin PBXBuildFile section */
		AA27BB4E2454394E002AEB02 /* WindowController.swift in Sources */ = {isa = PBXBuildFile; fileRef = AA27BB4D2454394E002AEB02 /* WindowController.swift */; };
		AA3A5ACE24722BF100DA37CF /* MixerToolbarView.swift in Sources */ = {isa = PBXBuildFile; fileRef = AA3A5ACD24722BF100DA37CF /* MixerToolbarView.swift */; };
		AA3FCEB82449862F0001B005 /* AppDelegate.swift in Sources */ = {isa = PBXBuildFile; fileRef = AA3FCEB72449862F0001B005 /* AppDelegate.swift */; };
		AA3FCEBC2449862F0001B005 /* Document.swift in Sources */ = {isa = PBXBuildFile; fileRef = AA3FCEBB2449862F0001B005 /* Document.swift */; };
		AA3FCEBE244986310001B005 /* Assets.xcassets in Resources */ = {isa = PBXBuildFile; fileRef = AA3FCEBD244986310001B005 /* Assets.xcassets */; };
		AA3FCEC1244986310001B005 /* Unused.storyboard in Resources */ = {isa = PBXBuildFile; fileRef = AA3FCEBF244986310001B005 /* Unused.storyboard */; };
		AA6208D0244A966F00694243 /* RenderScene.scn in Resources */ = {isa = PBXBuildFile; fileRef = AA6208CF244A966F00694243 /* RenderScene.scn */; };
		AA65AB89245D979300A1D5AC /* EditorViewController.swift in Sources */ = {isa = PBXBuildFile; fileRef = AA65AB88245D979300A1D5AC /* EditorViewController.swift */; };
		AA6E5A21245D3B68005E358D /* AppMenu.swift in Sources */ = {isa = PBXBuildFile; fileRef = AA6E5A20245D3B68005E358D /* AppMenu.swift */; };
		AA7CBBF52470182800977247 /* Attribute.swift in Sources */ = {isa = PBXBuildFile; fileRef = AA7CBBF42470182800977247 /* Attribute.swift */; };
		AA7FE92D2457CAAD0092CC1C /* main.swift in Sources */ = {isa = PBXBuildFile; fileRef = AA7FE92C2457CAAD0092CC1C /* main.swift */; };
		AA92A545246A99A200735C3E /* MixerView.swift in Sources */ = {isa = PBXBuildFile; fileRef = AA92A544246A99A200735C3E /* MixerView.swift */; };
		AA992C82246D24F20032AE5E /* MixerSlider.swift in Sources */ = {isa = PBXBuildFile; fileRef = AA992C81246D24F20032AE5E /* MixerSlider.swift */; };
		AA992C85246D97F10032AE5E /* InspectorProp.swift in Sources */ = {isa = PBXBuildFile; fileRef = AA992C84246D97F10032AE5E /* InspectorProp.swift */; };
		AAA6AC6524626F2B009AB802 /* Alive Again.mp3 in Resources */ = {isa = PBXBuildFile; fileRef = AAA6AC6424626F2B009AB802 /* Alive Again.mp3 */; };
		AAA6AC672462AE48009AB802 /* TimelineToolbarView.swift in Sources */ = {isa = PBXBuildFile; fileRef = AAA6AC662462AE48009AB802 /* TimelineToolbarView.swift */; };
		AACEA3C3245E6ADB002080FA /* Constants.swift in Sources */ = {isa = PBXBuildFile; fileRef = AACEA3C2245E6ADB002080FA /* Constants.swift */; };
		AACEA3C5245EB53C002080FA /* TimelineView.swift in Sources */ = {isa = PBXBuildFile; fileRef = AACEA3C4245EB53C002080FA /* TimelineView.swift */; };
		AACEA3C9245FACE2002080FA /* SceneView.swift in Sources */ = {isa = PBXBuildFile; fileRef = AACEA3C8245FACE2002080FA /* SceneView.swift */; };
		AACEA3CD245FB210002080FA /* AppToolbar.swift in Sources */ = {isa = PBXBuildFile; fileRef = AACEA3CC245FB210002080FA /* AppToolbar.swift */; };
		AAE646632451D52E007D21B6 /* DrawShapeNode.swift in Sources */ = {isa = PBXBuildFile; fileRef = AAE646622451D52E007D21B6 /* DrawShapeNode.swift */; };
		AAF8713D246BC8EC00007C37 /* InspectorView.swift in Sources */ = {isa = PBXBuildFile; fileRef = AAF8713C246BC8EC00007C37 /* InspectorView.swift */; };
		AAF87141246C000A00007C37 /* Beat.swift in Sources */ = {isa = PBXBuildFile; fileRef = AAF87140246C000A00007C37 /* Beat.swift */; };
		BBA12093C874F0FA6AC3C116 /* Pods_Render.framework in Frameworks */ = {isa = PBXBuildFile; fileRef = A28D68152F17ED051285022E /* Pods_Render.framework */; };
/* End PBXBuildFile section */

/* Begin PBXFileReference section */
		953CB53BC09B0ADF09BFA5F6 /* Pods-Render.debug.xcconfig */ = {isa = PBXFileReference; includeInIndex = 1; lastKnownFileType = text.xcconfig; name = "Pods-Render.debug.xcconfig"; path = "Target Support Files/Pods-Render/Pods-Render.debug.xcconfig"; sourceTree = "<group>"; };
		A28D68152F17ED051285022E /* Pods_Render.framework */ = {isa = PBXFileReference; explicitFileType = wrapper.framework; includeInIndex = 0; path = Pods_Render.framework; sourceTree = BUILT_PRODUCTS_DIR; };
		AA27BB4D2454394E002AEB02 /* WindowController.swift */ = {isa = PBXFileReference; lastKnownFileType = sourcecode.swift; path = WindowController.swift; sourceTree = "<group>"; };
		AA3A5ACD24722BF100DA37CF /* MixerToolbarView.swift */ = {isa = PBXFileReference; lastKnownFileType = sourcecode.swift; path = MixerToolbarView.swift; sourceTree = "<group>"; };
		AA3FCEB42449862F0001B005 /* Render.app */ = {isa = PBXFileReference; explicitFileType = wrapper.application; includeInIndex = 0; path = Render.app; sourceTree = BUILT_PRODUCTS_DIR; };
		AA3FCEB72449862F0001B005 /* AppDelegate.swift */ = {isa = PBXFileReference; lastKnownFileType = sourcecode.swift; path = AppDelegate.swift; sourceTree = "<group>"; };
		AA3FCEBB2449862F0001B005 /* Document.swift */ = {isa = PBXFileReference; lastKnownFileType = sourcecode.swift; path = Document.swift; sourceTree = "<group>"; };
		AA3FCEBD244986310001B005 /* Assets.xcassets */ = {isa = PBXFileReference; lastKnownFileType = folder.assetcatalog; path = Assets.xcassets; sourceTree = "<group>"; };
		AA3FCEC0244986310001B005 /* Base */ = {isa = PBXFileReference; lastKnownFileType = file.storyboard; name = Base; path = Base.lproj/Unused.storyboard; sourceTree = "<group>"; };
		AA3FCEC2244986310001B005 /* Info.plist */ = {isa = PBXFileReference; lastKnownFileType = text.plist.xml; path = Info.plist; sourceTree = "<group>"; };
		AA3FCEC3244986310001B005 /* Render.entitlements */ = {isa = PBXFileReference; lastKnownFileType = text.plist.entitlements; path = Render.entitlements; sourceTree = "<group>"; };
		AA6208CF244A966F00694243 /* RenderScene.scn */ = {isa = PBXFileReference; lastKnownFileType = file.bplist; path = RenderScene.scn; sourceTree = "<group>"; };
		AA65AB88245D979300A1D5AC /* EditorViewController.swift */ = {isa = PBXFileReference; lastKnownFileType = sourcecode.swift; path = EditorViewController.swift; sourceTree = "<group>"; };
		AA6E5A20245D3B68005E358D /* AppMenu.swift */ = {isa = PBXFileReference; lastKnownFileType = sourcecode.swift; path = AppMenu.swift; sourceTree = "<group>"; };
		AA7CBBF42470182800977247 /* Attribute.swift */ = {isa = PBXFileReference; lastKnownFileType = sourcecode.swift; path = Attribute.swift; sourceTree = "<group>"; };
		AA7FE92C2457CAAD0092CC1C /* main.swift */ = {isa = PBXFileReference; lastKnownFileType = sourcecode.swift; path = main.swift; sourceTree = "<group>"; };
		AA92A544246A99A200735C3E /* MixerView.swift */ = {isa = PBXFileReference; lastKnownFileType = sourcecode.swift; path = MixerView.swift; sourceTree = "<group>"; };
		AA992C81246D24F20032AE5E /* MixerSlider.swift */ = {isa = PBXFileReference; lastKnownFileType = sourcecode.swift; path = MixerSlider.swift; sourceTree = "<group>"; };
		AA992C84246D97F10032AE5E /* InspectorProp.swift */ = {isa = PBXFileReference; lastKnownFileType = sourcecode.swift; path = InspectorProp.swift; sourceTree = "<group>"; };
		AAA6AC6424626F2B009AB802 /* Alive Again.mp3 */ = {isa = PBXFileReference; lastKnownFileType = audio.mp3; path = "Alive Again.mp3"; sourceTree = "<group>"; };
		AAA6AC662462AE48009AB802 /* TimelineToolbarView.swift */ = {isa = PBXFileReference; lastKnownFileType = sourcecode.swift; path = TimelineToolbarView.swift; sourceTree = "<group>"; };
		AACEA3C2245E6ADB002080FA /* Constants.swift */ = {isa = PBXFileReference; lastKnownFileType = sourcecode.swift; path = Constants.swift; sourceTree = "<group>"; };
		AACEA3C4245EB53C002080FA /* TimelineView.swift */ = {isa = PBXFileReference; lastKnownFileType = sourcecode.swift; path = TimelineView.swift; sourceTree = "<group>"; };
		AACEA3C8245FACE2002080FA /* SceneView.swift */ = {isa = PBXFileReference; lastKnownFileType = sourcecode.swift; path = SceneView.swift; sourceTree = "<group>"; };
		AACEA3CC245FB210002080FA /* AppToolbar.swift */ = {isa = PBXFileReference; lastKnownFileType = sourcecode.swift; path = AppToolbar.swift; sourceTree = "<group>"; };
		AAE646622451D52E007D21B6 /* DrawShapeNode.swift */ = {isa = PBXFileReference; lastKnownFileType = sourcecode.swift; path = DrawShapeNode.swift; sourceTree = "<group>"; };
		AAF8713C246BC8EC00007C37 /* InspectorView.swift */ = {isa = PBXFileReference; lastKnownFileType = sourcecode.swift; path = InspectorView.swift; sourceTree = "<group>"; };
		AAF87140246C000A00007C37 /* Beat.swift */ = {isa = PBXFileReference; lastKnownFileType = sourcecode.swift; path = Beat.swift; sourceTree = "<group>"; };
		BE6D28D06DD0CF57C56243E1 /* Pods-Render.release.xcconfig */ = {isa = PBXFileReference; includeInIndex = 1; lastKnownFileType = text.xcconfig; name = "Pods-Render.release.xcconfig"; path = "Target Support Files/Pods-Render/Pods-Render.release.xcconfig"; sourceTree = "<group>"; };
/* End PBXFileReference section */

/* Begin PBXFrameworksBuildPhase section */
		AA3FCEB12449862F0001B005 /* Frameworks */ = {
			isa = PBXFrameworksBuildPhase;
			buildActionMask = 2147483647;
			files = (
				BBA12093C874F0FA6AC3C116 /* Pods_Render.framework in Frameworks */,
			);
			runOnlyForDeploymentPostprocessing = 0;
		};
/* End PBXFrameworksBuildPhase section */

/* Begin PBXGroup section */
		108ADAEB20C511257674388B /* Pods */ = {
			isa = PBXGroup;
			children = (
				953CB53BC09B0ADF09BFA5F6 /* Pods-Render.debug.xcconfig */,
				BE6D28D06DD0CF57C56243E1 /* Pods-Render.release.xcconfig */,
			);
			path = Pods;
			sourceTree = "<group>";
		};
		AA3FCEAB2449862F0001B005 = {
			isa = PBXGroup;
			children = (
				AA3FCEB62449862F0001B005 /* Render */,
				AA3FCEB52449862F0001B005 /* Products */,
				108ADAEB20C511257674388B /* Pods */,
				B6C9A81157B1B621D878EA38 /* Frameworks */,
			);
			sourceTree = "<group>";
		};
		AA3FCEB52449862F0001B005 /* Products */ = {
			isa = PBXGroup;
			children = (
				AA3FCEB42449862F0001B005 /* Render.app */,
			);
			name = Products;
			sourceTree = "<group>";
		};
		AA3FCEB62449862F0001B005 /* Render */ = {
			isa = PBXGroup;
			children = (
				AA6208CE244A965100694243 /* Scene */,
				AA3FCECB244987990001B005 /* Models */,
				AA3FCECA244987940001B005 /* Views */,
				AA3FCEB72449862F0001B005 /* AppDelegate.swift */,
				AA7FE92C2457CAAD0092CC1C /* main.swift */,
				AA3FCEBB2449862F0001B005 /* Document.swift */,
				AA3FCEBD244986310001B005 /* Assets.xcassets */,
				AA3FCEC2244986310001B005 /* Info.plist */,
				AA3FCEC3244986310001B005 /* Render.entitlements */,
				AA6208CF244A966F00694243 /* RenderScene.scn */,
				AACEA3C2245E6ADB002080FA /* Constants.swift */,
				AAA6AC6424626F2B009AB802 /* Alive Again.mp3 */,
			);
			path = Render;
			sourceTree = "<group>";
		};
		AA3FCECA244987940001B005 /* Views */ = {
			isa = PBXGroup;
			children = (
				AAE646622451D52E007D21B6 /* DrawShapeNode.swift */,
				AACEA3CE245FB219002080FA /* App */,
				AACEA3C6245EB543002080FA /* EditorViewController */,
				AA27BB4D2454394E002AEB02 /* WindowController.swift */,
				AA3FCEBF244986310001B005 /* Unused.storyboard */,
			);
			path = Views;
			sourceTree = "<group>";
		};
		AA3FCECB244987990001B005 /* Models */ = {
			isa = PBXGroup;
			children = (
				AAF87140246C000A00007C37 /* Beat.swift */,
				AA7CBBF42470182800977247 /* Attribute.swift */,
			);
			path = Models;
			sourceTree = "<group>";
		};
		AA6208CE244A965100694243 /* Scene */ = {
			isa = PBXGroup;
			children = (
			);
			path = Scene;
			sourceTree = "<group>";
		};
		AA992C83246D97B40032AE5E /* Inspector */ = {
			isa = PBXGroup;
			children = (
				AAF8713C246BC8EC00007C37 /* InspectorView.swift */,
				AA992C84246D97F10032AE5E /* InspectorProp.swift */,
			);
			path = Inspector;
			sourceTree = "<group>";
		};
		AACEA3C6245EB543002080FA /* EditorViewController */ = {
			isa = PBXGroup;
			children = (
				AA65AB88245D979300A1D5AC /* EditorViewController.swift */,
				AA992C83246D97B40032AE5E /* Inspector */,
				AAF87142246C004C00007C37 /* Mixer */,
				AAFD67DA246F8F3C00C9F09B /* Timeline */,
				AAFD67DB246F8F5A00C9F09B /* Scene */,
			);
			path = EditorViewController;
			sourceTree = "<group>";
		};
		AACEA3CE245FB219002080FA /* App */ = {
			isa = PBXGroup;
			children = (
				AA6E5A20245D3B68005E358D /* AppMenu.swift */,
				AACEA3CC245FB210002080FA /* AppToolbar.swift */,
			);
			path = App;
			sourceTree = "<group>";
		};
		AAF87142246C004C00007C37 /* Mixer */ = {
			isa = PBXGroup;
			children = (
				AA92A544246A99A200735C3E /* MixerView.swift */,
				AA992C81246D24F20032AE5E /* MixerSlider.swift */,
				AA3A5ACD24722BF100DA37CF /* MixerToolbarView.swift */,
			);
			path = Mixer;
			sourceTree = "<group>";
		};
		AAFD67DA246F8F3C00C9F09B /* Timeline */ = {
			isa = PBXGroup;
			children = (
				AACEA3C4245EB53C002080FA /* TimelineView.swift */,
				AAA6AC662462AE48009AB802 /* TimelineToolbarView.swift */,
			);
			path = Timeline;
			sourceTree = "<group>";
		};
		AAFD67DB246F8F5A00C9F09B /* Scene */ = {
			isa = PBXGroup;
			children = (
				AACEA3C8245FACE2002080FA /* SceneView.swift */,
			);
			path = Scene;
			sourceTree = "<group>";
		};
		B6C9A81157B1B621D878EA38 /* Frameworks */ = {
			isa = PBXGroup;
			children = (
				A28D68152F17ED051285022E /* Pods_Render.framework */,
			);
			name = Frameworks;
			sourceTree = "<group>";
		};
/* End PBXGroup section */

/* Begin PBXNativeTarget section */
		AA3FCEB32449862F0001B005 /* Render */ = {
			isa = PBXNativeTarget;
			buildConfigurationList = AA3FCEC6244986310001B005 /* Build configuration list for PBXNativeTarget "Render" */;
			buildPhases = (
				938D107E62891F6C050ED1D1 /* [CP] Check Pods Manifest.lock */,
				AA3FCEB02449862F0001B005 /* Sources */,
				AA3FCEB12449862F0001B005 /* Frameworks */,
				AA3FCEB22449862F0001B005 /* Resources */,
				6B35D4E98A344ED1B5CC65FD /* [CP] Embed Pods Frameworks */,
			);
			buildRules = (
			);
			dependencies = (
			);
			name = Render;
			productName = Render;
			productReference = AA3FCEB42449862F0001B005 /* Render.app */;
			productType = "com.apple.product-type.application";
		};
/* End PBXNativeTarget section */

/* Begin PBXProject section */
		AA3FCEAC2449862F0001B005 /* Project object */ = {
			isa = PBXProject;
			attributes = {
				LastSwiftUpdateCheck = 1140;
				LastUpgradeCheck = 1140;
				ORGANIZATIONNAME = "Ryan The";
				TargetAttributes = {
					AA3FCEB32449862F0001B005 = {
						CreatedOnToolsVersion = 11.4;
					};
				};
			};
			buildConfigurationList = AA3FCEAF2449862F0001B005 /* Build configuration list for PBXProject "Render" */;
			compatibilityVersion = "Xcode 9.3";
			developmentRegion = en;
			hasScannedForEncodings = 0;
			knownRegions = (
				en,
				Base,
			);
			mainGroup = AA3FCEAB2449862F0001B005;
			productRefGroup = AA3FCEB52449862F0001B005 /* Products */;
			projectDirPath = "";
			projectRoot = "";
			targets = (
				AA3FCEB32449862F0001B005 /* Render */,
			);
		};
/* End PBXProject section */

/* Begin PBXResourcesBuildPhase section */
		AA3FCEB22449862F0001B005 /* Resources */ = {
			isa = PBXResourcesBuildPhase;
			buildActionMask = 2147483647;
			files = (
				AA3FCEBE244986310001B005 /* Assets.xcassets in Resources */,
				AA3FCEC1244986310001B005 /* Unused.storyboard in Resources */,
				AAA6AC6524626F2B009AB802 /* Alive Again.mp3 in Resources */,
				AA6208D0244A966F00694243 /* RenderScene.scn in Resources */,
			);
			runOnlyForDeploymentPostprocessing = 0;
		};
/* End PBXResourcesBuildPhase section */

/* Begin PBXShellScriptBuildPhase section */
		6B35D4E98A344ED1B5CC65FD /* [CP] Embed Pods Frameworks */ = {
			isa = PBXShellScriptBuildPhase;
			buildActionMask = 2147483647;
			files = (
			);
			inputFileListPaths = (
				"${PODS_ROOT}/Target Support Files/Pods-Render/Pods-Render-frameworks-${CONFIGURATION}-input-files.xcfilelist",
			);
			name = "[CP] Embed Pods Frameworks";
			outputFileListPaths = (
				"${PODS_ROOT}/Target Support Files/Pods-Render/Pods-Render-frameworks-${CONFIGURATION}-output-files.xcfilelist",
			);
			runOnlyForDeploymentPostprocessing = 0;
			shellPath = /bin/sh;
			shellScript = "\"${PODS_ROOT}/Target Support Files/Pods-Render/Pods-Render-frameworks.sh\"\n";
			showEnvVarsInLog = 0;
		};
		938D107E62891F6C050ED1D1 /* [CP] Check Pods Manifest.lock */ = {
			isa = PBXShellScriptBuildPhase;
			buildActionMask = 2147483647;
			files = (
			);
			inputFileListPaths = (
			);
			inputPaths = (
				"${PODS_PODFILE_DIR_PATH}/Podfile.lock",
				"${PODS_ROOT}/Manifest.lock",
			);
			name = "[CP] Check Pods Manifest.lock";
			outputFileListPaths = (
			);
			outputPaths = (
				"$(DERIVED_FILE_DIR)/Pods-Render-checkManifestLockResult.txt",
			);
			runOnlyForDeploymentPostprocessing = 0;
			shellPath = /bin/sh;
			shellScript = "diff \"${PODS_PODFILE_DIR_PATH}/Podfile.lock\" \"${PODS_ROOT}/Manifest.lock\" > /dev/null\nif [ $? != 0 ] ; then\n    # print error to STDERR\n    echo \"error: The sandbox is not in sync with the Podfile.lock. Run 'pod install' or update your CocoaPods installation.\" >&2\n    exit 1\nfi\n# This output is used by Xcode 'outputs' to avoid re-running this script phase.\necho \"SUCCESS\" > \"${SCRIPT_OUTPUT_FILE_0}\"\n";
			showEnvVarsInLog = 0;
		};
/* End PBXShellScriptBuildPhase section */

/* Begin PBXSourcesBuildPhase section */
		AA3FCEB02449862F0001B005 /* Sources */ = {
			isa = PBXSourcesBuildPhase;
			buildActionMask = 2147483647;
			files = (
				AAE646632451D52E007D21B6 /* DrawShapeNode.swift in Sources */,
				AAF87141246C000A00007C37 /* Beat.swift in Sources */,
				AACEA3C3245E6ADB002080FA /* Constants.swift in Sources */,
				AA3A5ACE24722BF100DA37CF /* MixerToolbarView.swift in Sources */,
				AA27BB4E2454394E002AEB02 /* WindowController.swift in Sources */,
				AA992C82246D24F20032AE5E /* MixerSlider.swift in Sources */,
				AA3FCEB82449862F0001B005 /* AppDelegate.swift in Sources */,
				AAF8713D246BC8EC00007C37 /* InspectorView.swift in Sources */,
				AACEA3C5245EB53C002080FA /* TimelineView.swift in Sources */,
				AA992C85246D97F10032AE5E /* InspectorProp.swift in Sources */,
				AA3FCEBC2449862F0001B005 /* Document.swift in Sources */,
				AAA6AC672462AE48009AB802 /* TimelineToolbarView.swift in Sources */,
				AA7FE92D2457CAAD0092CC1C /* main.swift in Sources */,
				AA7CBBF52470182800977247 /* Attribute.swift in Sources */,
				AA6E5A21245D3B68005E358D /* AppMenu.swift in Sources */,
				AA65AB89245D979300A1D5AC /* EditorViewController.swift in Sources */,
				AACEA3C9245FACE2002080FA /* SceneView.swift in Sources */,
				AACEA3CD245FB210002080FA /* AppToolbar.swift in Sources */,
				AA92A545246A99A200735C3E /* MixerView.swift in Sources */,
			);
			runOnlyForDeploymentPostprocessing = 0;
		};
/* End PBXSourcesBuildPhase section */

/* Begin PBXVariantGroup section */
		AA3FCEBF244986310001B005 /* Unused.storyboard */ = {
			isa = PBXVariantGroup;
			children = (
				AA3FCEC0244986310001B005 /* Base */,
			);
			name = Unused.storyboard;
			sourceTree = "<group>";
		};
/* End PBXVariantGroup section */

/* Begin XCBuildConfiguration section */
		AA3FCEC4244986310001B005 /* Debug */ = {
			isa = XCBuildConfiguration;
			buildSettings = {
				ALWAYS_SEARCH_USER_PATHS = NO;
				CLANG_ANALYZER_NONNULL = YES;
				CLANG_ANALYZER_NUMBER_OBJECT_CONVERSION = YES_AGGRESSIVE;
				CLANG_CXX_LANGUAGE_STANDARD = "gnu++14";
				CLANG_CXX_LIBRARY = "libc++";
				CLANG_ENABLE_MODULES = YES;
				CLANG_ENABLE_OBJC_ARC = YES;
				CLANG_ENABLE_OBJC_WEAK = YES;
				CLANG_WARN_BLOCK_CAPTURE_AUTORELEASING = YES;
				CLANG_WARN_BOOL_CONVERSION = YES;
				CLANG_WARN_COMMA = YES;
				CLANG_WARN_CONSTANT_CONVERSION = YES;
				CLANG_WARN_DEPRECATED_OBJC_IMPLEMENTATIONS = YES;
				CLANG_WARN_DIRECT_OBJC_ISA_USAGE = YES_ERROR;
				CLANG_WARN_DOCUMENTATION_COMMENTS = YES;
				CLANG_WARN_EMPTY_BODY = YES;
				CLANG_WARN_ENUM_CONVERSION = YES;
				CLANG_WARN_INFINITE_RECURSION = YES;
				CLANG_WARN_INT_CONVERSION = YES;
				CLANG_WARN_NON_LITERAL_NULL_CONVERSION = YES;
				CLANG_WARN_OBJC_IMPLICIT_RETAIN_SELF = YES;
				CLANG_WARN_OBJC_LITERAL_CONVERSION = YES;
				CLANG_WARN_OBJC_ROOT_CLASS = YES_ERROR;
				CLANG_WARN_RANGE_LOOP_ANALYSIS = YES;
				CLANG_WARN_STRICT_PROTOTYPES = YES;
				CLANG_WARN_SUSPICIOUS_MOVE = YES;
				CLANG_WARN_UNGUARDED_AVAILABILITY = YES_AGGRESSIVE;
				CLANG_WARN_UNREACHABLE_CODE = YES;
				CLANG_WARN__DUPLICATE_METHOD_MATCH = YES;
				COPY_PHASE_STRIP = NO;
				DEBUG_INFORMATION_FORMAT = dwarf;
				ENABLE_STRICT_OBJC_MSGSEND = YES;
				ENABLE_TESTABILITY = YES;
				GCC_C_LANGUAGE_STANDARD = gnu11;
				GCC_DYNAMIC_NO_PIC = NO;
				GCC_NO_COMMON_BLOCKS = YES;
				GCC_OPTIMIZATION_LEVEL = 0;
				GCC_PREPROCESSOR_DEFINITIONS = (
					"DEBUG=1",
					"$(inherited)",
				);
				GCC_WARN_64_TO_32_BIT_CONVERSION = YES;
				GCC_WARN_ABOUT_RETURN_TYPE = YES_ERROR;
				GCC_WARN_UNDECLARED_SELECTOR = YES;
				GCC_WARN_UNINITIALIZED_AUTOS = YES_AGGRESSIVE;
				GCC_WARN_UNUSED_FUNCTION = YES;
				GCC_WARN_UNUSED_VARIABLE = YES;
				MACOSX_DEPLOYMENT_TARGET = 10.15;
				MTL_ENABLE_DEBUG_INFO = INCLUDE_SOURCE;
				MTL_FAST_MATH = YES;
				ONLY_ACTIVE_ARCH = YES;
				SDKROOT = macosx;
				SWIFT_ACTIVE_COMPILATION_CONDITIONS = DEBUG;
				SWIFT_OPTIMIZATION_LEVEL = "-Onone";
			};
			name = Debug;
		};
		AA3FCEC5244986310001B005 /* Release */ = {
			isa = XCBuildConfiguration;
			buildSettings = {
				ALWAYS_SEARCH_USER_PATHS = NO;
				CLANG_ANALYZER_NONNULL = YES;
				CLANG_ANALYZER_NUMBER_OBJECT_CONVERSION = YES_AGGRESSIVE;
				CLANG_CXX_LANGUAGE_STANDARD = "gnu++14";
				CLANG_CXX_LIBRARY = "libc++";
				CLANG_ENABLE_MODULES = YES;
				CLANG_ENABLE_OBJC_ARC = YES;
				CLANG_ENABLE_OBJC_WEAK = YES;
				CLANG_WARN_BLOCK_CAPTURE_AUTORELEASING = YES;
				CLANG_WARN_BOOL_CONVERSION = YES;
				CLANG_WARN_COMMA = YES;
				CLANG_WARN_CONSTANT_CONVERSION = YES;
				CLANG_WARN_DEPRECATED_OBJC_IMPLEMENTATIONS = YES;
				CLANG_WARN_DIRECT_OBJC_ISA_USAGE = YES_ERROR;
				CLANG_WARN_DOCUMENTATION_COMMENTS = YES;
				CLANG_WARN_EMPTY_BODY = YES;
				CLANG_WARN_ENUM_CONVERSION = YES;
				CLANG_WARN_INFINITE_RECURSION = YES;
				CLANG_WARN_INT_CONVERSION = YES;
				CLANG_WARN_NON_LITERAL_NULL_CONVERSION = YES;
				CLANG_WARN_OBJC_IMPLICIT_RETAIN_SELF = YES;
				CLANG_WARN_OBJC_LITERAL_CONVERSION = YES;
				CLANG_WARN_OBJC_ROOT_CLASS = YES_ERROR;
				CLANG_WARN_RANGE_LOOP_ANALYSIS = YES;
				CLANG_WARN_STRICT_PROTOTYPES = YES;
				CLANG_WARN_SUSPICIOUS_MOVE = YES;
				CLANG_WARN_UNGUARDED_AVAILABILITY = YES_AGGRESSIVE;
				CLANG_WARN_UNREACHABLE_CODE = YES;
				CLANG_WARN__DUPLICATE_METHOD_MATCH = YES;
				COPY_PHASE_STRIP = NO;
				DEBUG_INFORMATION_FORMAT = "dwarf-with-dsym";
				ENABLE_NS_ASSERTIONS = NO;
				ENABLE_STRICT_OBJC_MSGSEND = YES;
				GCC_C_LANGUAGE_STANDARD = gnu11;
				GCC_NO_COMMON_BLOCKS = YES;
				GCC_WARN_64_TO_32_BIT_CONVERSION = YES;
				GCC_WARN_ABOUT_RETURN_TYPE = YES_ERROR;
				GCC_WARN_UNDECLARED_SELECTOR = YES;
				GCC_WARN_UNINITIALIZED_AUTOS = YES_AGGRESSIVE;
				GCC_WARN_UNUSED_FUNCTION = YES;
				GCC_WARN_UNUSED_VARIABLE = YES;
				MACOSX_DEPLOYMENT_TARGET = 10.15;
				MTL_ENABLE_DEBUG_INFO = NO;
				MTL_FAST_MATH = YES;
				SDKROOT = macosx;
				SWIFT_COMPILATION_MODE = wholemodule;
				SWIFT_OPTIMIZATION_LEVEL = "-O";
			};
			name = Release;
		};
		AA3FCEC7244986310001B005 /* Debug */ = {
			isa = XCBuildConfiguration;
			baseConfigurationReference = 953CB53BC09B0ADF09BFA5F6 /* Pods-Render.debug.xcconfig */;
			buildSettings = {
				ASSETCATALOG_COMPILER_APPICON_NAME = AppIcon;
				CODE_SIGN_ENTITLEMENTS = Render/Render.entitlements;
				CODE_SIGN_STYLE = Automatic;
				COMBINE_HIDPI_IMAGES = YES;
				DEVELOPMENT_TEAM = 66HB97DLV4;
				ENABLE_HARDENED_RUNTIME = YES;
				INFOPLIST_FILE = Render/Info.plist;
				LD_RUNPATH_SEARCH_PATHS = (
					"$(inherited)",
					"@executable_path/../Frameworks",
				);
				PRODUCT_BUNDLE_IDENTIFIER = com.ryanthe.Render;
				PRODUCT_NAME = "$(TARGET_NAME)";
				SWIFT_VERSION = 5.0;
			};
			name = Debug;
		};
		AA3FCEC8244986310001B005 /* Release */ = {
			isa = XCBuildConfiguration;
			baseConfigurationReference = BE6D28D06DD0CF57C56243E1 /* Pods-Render.release.xcconfig */;
			buildSettings = {
				ASSETCATALOG_COMPILER_APPICON_NAME = AppIcon;
				CODE_SIGN_ENTITLEMENTS = Render/Render.entitlements;
				CODE_SIGN_STYLE = Automatic;
				COMBINE_HIDPI_IMAGES = YES;
				DEVELOPMENT_TEAM = 66HB97DLV4;
				ENABLE_HARDENED_RUNTIME = YES;
				INFOPLIST_FILE = Render/Info.plist;
				LD_RUNPATH_SEARCH_PATHS = (
					"$(inherited)",
					"@executable_path/../Frameworks",
				);
				PRODUCT_BUNDLE_IDENTIFIER = com.ryanthe.Render;
				PRODUCT_NAME = "$(TARGET_NAME)";
				SWIFT_VERSION = 5.0;
			};
			name = Release;
		};
/* End XCBuildConfiguration section */

/* Begin XCConfigurationList section */
		AA3FCEAF2449862F0001B005 /* Build configuration list for PBXProject "Render" */ = {
			isa = XCConfigurationList;
			buildConfigurations = (
				AA3FCEC4244986310001B005 /* Debug */,
				AA3FCEC5244986310001B005 /* Release */,
			);
			defaultConfigurationIsVisible = 0;
			defaultConfigurationName = Release;
		};
		AA3FCEC6244986310001B005 /* Build configuration list for PBXNativeTarget "Render" */ = {
			isa = XCConfigurationList;
			buildConfigurations = (
				AA3FCEC7244986310001B005 /* Debug */,
				AA3FCEC8244986310001B005 /* Release */,
			);
			defaultConfigurationIsVisible = 0;
			defaultConfigurationName = Release;
		};
/* End XCConfigurationList section */
	};
	rootObject = AA3FCEAC2449862F0001B005 /* Project object */;
}
